# THIS IS AN AUTOGENERATED FILE. DO NOT EDIT THIS FILE DIRECTLY.
# yarn lockfile v1
# bun ./bun.lockb --hash: 0000000000000000-0000000000000000-0000000000000000-0000000000000000


"@adraffy/ens-normalize@^1.11.0":
  version "1.11.1"
  resolved "https://registry.npmjs.org/@adraffy/ens-normalize/-/ens-normalize-1.11.1.tgz"
  integrity sha512-nhCBV3quEgesuf7c7KYfperqSS14T8bYuvJ8PcLJp6znkZpFc0AuW4qBtr8eKVyPPe/8RSr7sglCWPU5eaxwKQ==

"@babel/runtime@^7.12.5":
  version "7.28.4"
  resolved "https://registry.npmjs.org/@babel/runtime/-/runtime-7.28.4.tgz"
  integrity sha512-Q/N6JNWvIvPnLDvjlE1OUBLPQHH6l3CltCEsHIujp45zQUSSh8K+gHnaEX45yAT1nyngnINhvWtzN+Nb9D8RAQ==

"@emotion/hash@^0.9.0":
  version "0.9.2"
  resolved "https://registry.npmjs.org/@emotion/hash/-/hash-0.9.2.tgz"
  integrity sha512-MyqliTZGuOm3+5ZRSaaBGP3USLw6+EGykkwZns2EPC5g8jJ4z9OrdZY9apkl3+UP9+sdz76YYkwCKP5gh8iY3g==

"@noble/ciphers@^1.3.0":
  version "1.3.0"
  resolved "https://registry.npmjs.org/@noble/ciphers/-/ciphers-1.3.0.tgz"
  integrity sha512-2I0gnIVPtfnMw9ee9h1dJG7tp81+8Ob3OJb3Mv37rx5L40/b0i7djjCVvGOVqc9AEIQyvyu1i6ypKdFw8R8gQw==

"@noble/curves@1.9.1", "@noble/curves@~1.9.0":
  version "1.9.1"
  resolved "https://registry.npmjs.org/@noble/curves/-/curves-1.9.1.tgz"
  integrity sha512-k11yZxZg+t+gWvBbIswW0yoJlu8cHOC7dhunwOzoWH/mXGBiYyR4YY6hAEK/3EUs4UpB8la1RfdRpeGsFHkWsA==
  dependencies:
    "@noble/hashes" "1.8.0"

"@noble/hashes@1.8.0", "@noble/hashes@^1.8.0", "@noble/hashes@~1.8.0":
  version "1.8.0"
  resolved "https://registry.npmjs.org/@noble/hashes/-/hashes-1.8.0.tgz"
  integrity sha512-jCs9ldd7NwzpgXDIf6P3+NrHh9/sD6CQdxHyjQI+h/6rDNo88ypBxxz45UDuZHz9r3tNz7N/VInSVoVdtXEI4A==

"@oven/bun-darwin-aarch64@1.3.3":
  version "1.3.3"
  resolved "https://registry.npmjs.org/@oven/bun-darwin-aarch64/-/bun-darwin-aarch64-1.3.3.tgz"
  integrity sha512-eJopQrUk0WR7jViYDC29+Rp50xGvs4GtWOXBeqCoFMzutkkO3CZvHehA4JqnjfWMTSS8toqvRhCSOpOz62Wf9w==

"@oven/bun-darwin-x64@1.3.3":
  version "1.3.3"
  resolved "https://registry.npmjs.org/@oven/bun-darwin-x64/-/bun-darwin-x64-1.3.3.tgz"
  integrity sha512-xGDePueVFrNgkS+iN0QdEFeRrx2MQ5hQ9ipRFu7N73rgoSSJsFlOKKt2uGZzunczedViIfjYl0ii0K4E9aZ0Ow==

"@oven/bun-darwin-x64-baseline@1.3.3":
  version "1.3.3"
  resolved "https://registry.npmjs.org/@oven/bun-darwin-x64-baseline/-/bun-darwin-x64-baseline-1.3.3.tgz"
  integrity sha512-1ij4wQ9ECLFf1XFry+IFUN+28if40ozDqq6+QtuyOhIwraKzXOlAUbILhRMGvM3ED3yBex2mTwlKpA4Vja/V2g==

"@oven/bun-linux-aarch64@1.3.3":
  version "1.3.3"
  resolved "https://registry.npmjs.org/@oven/bun-linux-aarch64/-/bun-linux-aarch64-1.3.3.tgz"
  integrity sha512-DabZ3Mt1XcJneWdEEug8l7bCPVvDBRBpjUIpNnRnMFWFnzr8KBEpMcaWTwYOghjXyJdhB4MPKb19MwqyQ+FHAw==

"@oven/bun-linux-aarch64-musl@1.3.3":
  version "1.3.3"
  resolved "https://registry.npmjs.org/@oven/bun-linux-aarch64-musl/-/bun-linux-aarch64-musl-1.3.3.tgz"
  integrity sha512-XWQ3tV/gtZj0wn2AdSUq/tEOKWT4OY+Uww70EbODgrrq00jxuTfq5nnYP6rkLD0M/T5BHJdQRSfQYdIni9vldw==

"@oven/bun-linux-x64@1.3.3":
  version "1.3.3"
  resolved "https://registry.npmjs.org/@oven/bun-linux-x64/-/bun-linux-x64-1.3.3.tgz"
  integrity sha512-7eIARtKZKZDtah1aCpQUj/1/zT/zHRR063J6oAxZP9AuA547j5B9OM2D/vi/F4En7Gjk9FPjgPGTSYeqpQDzJw==

"@oven/bun-linux-x64-baseline@1.3.3":
  version "1.3.3"
  resolved "https://registry.npmjs.org/@oven/bun-linux-x64-baseline/-/bun-linux-x64-baseline-1.3.3.tgz"
  integrity sha512-IU8pxhIf845psOv55LqJyL+tSUc6HHMfs6FGhuJcAnyi92j+B1HjOhnFQh9MW4vjoo7do5F8AerXlvk59RGH2w==

"@oven/bun-linux-x64-musl@1.3.3":
  version "1.3.3"
  resolved "https://registry.npmjs.org/@oven/bun-linux-x64-musl/-/bun-linux-x64-musl-1.3.3.tgz"
  integrity sha512-xNSDRPn1yyObKteS8fyQogwsS4eCECswHHgaKM+/d4wy/omZQrXn8ZyGm/ZF9B73UfQytUfbhE7nEnrFq03f0w==

"@oven/bun-linux-x64-musl-baseline@1.3.3":
  version "1.3.3"
  resolved "https://registry.npmjs.org/@oven/bun-linux-x64-musl-baseline/-/bun-linux-x64-musl-baseline-1.3.3.tgz"
  integrity sha512-JoRTPdAXRkNYouUlJqEncMWUKn/3DiWP03A7weBbtbsKr787gcdNna2YeyQKCb1lIXE4v1k18RM3gaOpQobGIQ==

"@oven/bun-windows-x64@1.3.3":
  version "1.3.3"
  resolved "https://registry.npmjs.org/@oven/bun-windows-x64/-/bun-windows-x64-1.3.3.tgz"
  integrity sha512-kWqa1LKvDdAIzyfHxo3zGz3HFWbFHDlrNK77hKjUN42ycikvZJ+SHSX76+1OW4G8wmLETX4Jj+4BM1y01DQRIQ==

"@oven/bun-windows-x64-baseline@1.3.3":
  version "1.3.3"
  resolved "https://registry.npmjs.org/@oven/bun-windows-x64-baseline/-/bun-windows-x64-baseline-1.3.3.tgz"
  integrity sha512-u5eZHKq6TPJSE282KyBOicGQ2trkFml0RoUfqkPOJVo7TXGrsGYYzdsugZRnVQY/WEmnxGtBy4T3PAaPqgQViA==

"@rainbow-me/rainbowkit@^2.2.9":
  version "2.2.9"
  resolved "https://registry.npmjs.org/@rainbow-me/rainbowkit/-/rainbowkit-2.2.9.tgz"
  integrity sha512-zXAeqkqpznpj9yEs1bTbpZbq0pVYKdJUnqqK/nI8xyYFDWchIOyBoEb/4+goT5RaHfGbDe9dp6pIEu/KelKE6A==
  dependencies:
    "@vanilla-extract/css" "1.17.3"
    "@vanilla-extract/dynamic" "2.1.4"
    "@vanilla-extract/sprinkles" "1.6.4"
    clsx "2.1.1"
    cuer "0.0.3"
    react-remove-scroll "2.6.2"
    ua-parser-js "^1.0.37"

"@scure/base@~1.2.5":
  version "1.2.6"
  resolved "https://registry.npmjs.org/@scure/base/-/base-1.2.6.tgz"
  integrity sha512-g/nm5FgUa//MCj1gV09zTJTaM6KBAHqLN907YVQqf7zC49+DcO4B1so4ZX07Ef10Twr6nuqYEH9GEggFXA4Fmg==

"@scure/bip32@1.7.0", "@scure/bip32@^1.7.0":
  version "1.7.0"
  resolved "https://registry.npmjs.org/@scure/bip32/-/bip32-1.7.0.tgz"
  integrity sha512-E4FFX/N3f4B80AKWp5dP6ow+flD1LQZo/w8UnLGYZO674jS6YnYeepycOOksv+vLPSpgN35wgKgy+ybfTb2SMw==
  dependencies:
    "@noble/curves" "~1.9.0"
    "@noble/hashes" "~1.8.0"
    "@scure/base" "~1.2.5"

"@scure/bip39@1.6.0", "@scure/bip39@^1.6.0":
  version "1.6.0"
  resolved "https://registry.npmjs.org/@scure/bip39/-/bip39-1.6.0.tgz"
  integrity sha512-+lF0BbLiJNwVlev4eKelw1WWLaiKXw7sSl8T6FvBlWkdX+94aGJ4o8XjUdlyhTCjd8c+B3KT3JfS8P0bLRNU6A==
  dependencies:
    "@noble/hashes" "~1.8.0"
    "@scure/base" "~1.2.5"

"@tanstack/query-core@5.90.10", "@tanstack/query-core@>=5.0.0":
  version "5.90.10"
  resolved "https://registry.npmjs.org/@tanstack/query-core/-/query-core-5.90.10.tgz"
  integrity sha512-EhZVFu9rl7GfRNuJLJ3Y7wtbTnENsvzp+YpcAV7kCYiXni1v8qZh++lpw4ch4rrwC0u/EZRnBHIehzCGzwXDSQ==

"@tanstack/react-query@>=5.0.0", "@tanstack/react-query@^5.90.10":
  version "5.90.10"
  resolved "https://registry.npmjs.org/@tanstack/react-query/-/react-query-5.90.10.tgz"
  integrity sha512-BKLss9Y8PQ9IUjPYQiv3/Zmlx92uxffUOX8ZZNoQlCIZBJPT5M+GOMQj7xislvVQ6l1BstBjcX0XB/aHfFYVNw==
  dependencies:
    "@tanstack/query-core" "5.90.10"

"@types/bun@latest":
  version "1.3.3"
  resolved "https://registry.npmjs.org/@types/bun/-/bun-1.3.3.tgz"
  integrity sha512-ogrKbJ2X5N0kWLLFKeytG0eHDleBYtngtlbu9cyBKFtNL3cnpDZkNdQj8flVf6WTZUX5ulI9AY1oa7ljhSrp+g==
  dependencies:
    bun-types "1.3.3"

"@types/node@*":
  version "24.10.1"
  resolved "https://registry.npmjs.org/@types/node/-/node-24.10.1.tgz"
  integrity sha512-GNWcUTRBgIRJD5zj+Tq0fKOJ5XZajIiBroOF0yvj2bSU1WvNdYS/dn9UxwsujGW4JX06dnHyjV2y9rRaybH0iQ==
  dependencies:
    undici-types "~7.16.0"

"@types/react@*", "@types/react@>=18.0.0", "@types/react@^19", "@types/react@^19.2.0":
  version "19.2.6"
  resolved "https://registry.npmjs.org/@types/react/-/react-19.2.6.tgz"
  integrity sha512-p/jUvulfgU7oKtj6Xpk8cA2Y1xKTtICGpJYeJXz2YVO2UcvjQgeRMLDGfDeqeRW2Ta+0QNFwcc8X3GH8SxZz6w==
  dependencies:
    csstype "^3.2.2"

"@types/react-dom@^19":
  version "19.2.3"
  resolved "https://registry.npmjs.org/@types/react-dom/-/react-dom-19.2.3.tgz"
  integrity sha512-jp2L/eY6fn+KgVVQAOqYItbF0VY/YApe5Mz2F0aykSO8gx31bYCZyvSeYxCHKvzHG5eZjc+zyaS5BrBWya2+kQ==

"@vanilla-extract/css@1.17.3", "@vanilla-extract/css@^1.0.0":
  version "1.17.3"
  resolved "https://registry.npmjs.org/@vanilla-extract/css/-/css-1.17.3.tgz"
  integrity sha512-jHivr1UPoJTX5Uel4AZSOwrCf4mO42LcdmnhJtUxZaRWhW4FviFbIfs0moAWWld7GOT+2XnuVZjjA/K32uUnMQ==
  dependencies:
    "@emotion/hash" "^0.9.0"
    "@vanilla-extract/private" "^1.0.8"
    css-what "^6.1.0"
    cssesc "^3.0.0"
    csstype "^3.0.7"
    dedent "^1.5.3"
    deep-object-diff "^1.1.9"
    deepmerge "^4.2.2"
    lru-cache "^10.4.3"
    media-query-parser "^2.0.2"
    modern-ahocorasick "^1.0.0"
    picocolors "^1.0.0"

"@vanilla-extract/dynamic@2.1.4":
  version "2.1.4"
  resolved "https://registry.npmjs.org/@vanilla-extract/dynamic/-/dynamic-2.1.4.tgz"
  integrity sha512-7+Ot7VlP3cIzhJnTsY/kBtNs21s0YD7WI1rKJJKYP56BkbDxi/wrQUWMGEczKPUDkJuFcvbye+E2ub1u/mHH9w==
  dependencies:
    "@vanilla-extract/private" "^1.0.8"

"@vanilla-extract/private@^1.0.8":
  version "1.0.9"
  resolved "https://registry.npmjs.org/@vanilla-extract/private/-/private-1.0.9.tgz"
  integrity sha512-gT2jbfZuaaCLrAxwXbRgIhGhcXbRZCG3v4TTUnjw0EJ7ArdBRxkq4msNJkbuRkCgfIK5ATmprB5t9ljvLeFDEA==

"@vanilla-extract/sprinkles@1.6.4":
  version "1.6.4"
  resolved "https://registry.npmjs.org/@vanilla-extract/sprinkles/-/sprinkles-1.6.4.tgz"
  integrity sha512-lW3MuIcdIeHKX81DzhTnw68YJdL1ial05exiuvTLJMdHXQLKcVB93AncLPajMM6mUhaVVx5ALZzNHMTrq/U9Hg==

"@wagmi/connectors@7.0.1":
  version "7.0.1"
  resolved "https://registry.npmjs.org/@wagmi/connectors/-/connectors-7.0.1.tgz"
  integrity sha512-R5awgB0bYw/HwpyjJf/Fj1U2ZUwUWsdylnl+HpxXPjtm9hlpE72fzW5tKrlcVyJ3NQ6ljpTNnPsDhYj+1SIdVA==

"@wagmi/core@3.0.0":
  version "3.0.0"
  resolved "https://registry.npmjs.org/@wagmi/core/-/core-3.0.0.tgz"
  integrity sha512-wOn8jwB9GNYTdrc4CP/huf1aAhDoQ5GKl5OhxGBZx9X4qE+wReW05dTcurEc+XBl9B/ZVis2JdXVU3ZiYqyS8Q==
  dependencies:
    eventemitter3 "5.0.1"
    mipd "0.0.7"
    zustand "5.0.0"

abitype@1.1.0, abitype@^1.0.9:
  version "1.1.0"
  resolved "https://registry.npmjs.org/abitype/-/abitype-1.1.0.tgz"
  integrity sha512-6Vh4HcRxNMLA0puzPjM5GBgT4aAcFGKZzSgAXvuZ27shJP6NEpielTuqbBmZILR5/xd0PizkBGy5hReKz9jl5A==

bun@>=1.0.0:
  version "1.3.3"
  resolved "https://registry.npmjs.org/bun/-/bun-1.3.3.tgz"
  integrity sha512-2hJ4ocTZ634/Ptph4lysvO+LbbRZq8fzRvMwX0/CqaLBxrF2UB5D1LdMB8qGcdtCer4/VR9Bx5ORub0yn+yzmw==
  optionalDependencies:
    "@oven/bun-darwin-aarch64" "1.3.3"
    "@oven/bun-darwin-x64" "1.3.3"
    "@oven/bun-darwin-x64-baseline" "1.3.3"
    "@oven/bun-linux-aarch64" "1.3.3"
    "@oven/bun-linux-aarch64-musl" "1.3.3"
    "@oven/bun-linux-x64" "1.3.3"
    "@oven/bun-linux-x64-baseline" "1.3.3"
    "@oven/bun-linux-x64-musl" "1.3.3"
    "@oven/bun-linux-x64-musl-baseline" "1.3.3"
    "@oven/bun-windows-x64" "1.3.3"
    "@oven/bun-windows-x64-baseline" "1.3.3"

bun-plugin-tailwind@^0.1.2:
  version "0.1.2"
  resolved "https://registry.npmjs.org/bun-plugin-tailwind/-/bun-plugin-tailwind-0.1.2.tgz"
  integrity sha512-41jNC1tZRSK3s1o7pTNrLuQG8kL/0vR/JgiTmZAJ1eHwe0w5j6HFPKeqEk0WAD13jfrUC7+ULuewFBBCoADPpg==

bun-types@1.3.3:
  version "1.3.3"
  resolved "https://registry.npmjs.org/bun-types/-/bun-types-1.3.3.tgz"
  integrity sha512-z3Xwlg7j2l9JY27x5Qn3Wlyos8YAp0kKRlrePAOjgjMGS5IG6E7Jnlx736vH9UVI4wUICwwhC9anYL++XeOgTQ==
  dependencies:
    "@types/node" "*"

clsx@2.1.1:
  version "2.1.1"
  resolved "https://registry.npmjs.org/clsx/-/clsx-2.1.1.tgz"
  integrity sha512-eYm0QWBtUrBWZWG0d386OGAw16Z995PiOVo2B7bjWSbHedGl5e0ZWaq65kOGgUSNesEIDkB9ISbTg/JK9dhCZA==

css-what@^6.1.0:
  version "6.2.2"
  resolved "https://registry.npmjs.org/css-what/-/css-what-6.2.2.tgz"
  integrity sha512-u/O3vwbptzhMs3L1fQE82ZSLHQQfto5gyZzwteVIEyeaY5Fc7R4dapF/BvRoSYFeqfBk4m0V1Vafq5Pjv25wvA==

cssesc@^3.0.0:
  version "3.0.0"
  resolved "https://registry.npmjs.org/cssesc/-/cssesc-3.0.0.tgz"
  integrity sha512-/Tb/JcjK111nNScGob5MNtsntNM1aCNUDipB/TkwZFhyDrrE47SOx/18wF2bbjgc3ZzCSKW1T5nt5EbFoAz/Vg==

csstype@^3.0.7, csstype@^3.2.2:
  version "3.2.3"
  resolved "https://registry.npmjs.org/csstype/-/csstype-3.2.3.tgz"
  integrity sha512-z1HGKcYy2xA8AGQfwrn0PAy+PB7X/GSj3UVJW9qKyn43xWa+gl5nXmU4qqLMRzWVLFC8KusUX8T/0kCiOYpAIQ==

cuer@0.0.3:
  version "0.0.3"
  resolved "https://registry.npmjs.org/cuer/-/cuer-0.0.3.tgz"
  integrity sha512-f/UNxRMRCYtfLEGECAViByA3JNflZImOk11G9hwSd+44jvzrc99J35u5l+fbdQ2+ZG441GvOpaeGYBmWquZsbQ==
  dependencies:
    qr "~0"

dedent@^1.5.3:
  version "1.7.0"
  resolved "https://registry.npmjs.org/dedent/-/dedent-1.7.0.tgz"
  integrity sha512-HGFtf8yhuhGhqO07SV79tRp+br4MnbdjeVxotpn1QBl30pcLLCQjX5b2295ll0fv8RKDKsmWYrl05usHM9CewQ==

deep-object-diff@^1.1.9:
  version "1.1.9"
  resolved "https://registry.npmjs.org/deep-object-diff/-/deep-object-diff-1.1.9.tgz"
  integrity sha512-Rn+RuwkmkDwCi2/oXOFS9Gsr5lJZu/yTGpK7wAaAIE75CC+LCGEZHpY6VQJa/RoJcrmaA/docWJZvYohlNkWPA==

deepmerge@^4.2.2:
  version "4.3.1"
  resolved "https://registry.npmjs.org/deepmerge/-/deepmerge-4.3.1.tgz"
  integrity sha512-3sUqbMEc77XqpdNO7FRyRog+eW3ph+GYCbj+rK+uYyRMuwsVy0rMiVtPn+QJlKFvWP/1PYpapqYn0Me2knFn+A==

detect-node-es@^1.1.0:
  version "1.1.0"
  resolved "https://registry.npmjs.org/detect-node-es/-/detect-node-es-1.1.0.tgz"
  integrity sha512-ypdmJU/TbBby2Dxibuv7ZLW3Bs1QEmM7nHjEANfohJLvE0XVujisn1qPJcZxg+qDucsr+bP6fLD1rPS3AhJ7EQ==

eventemitter3@5.0.1:
  version "5.0.1"
  resolved "https://registry.npmjs.org/eventemitter3/-/eventemitter3-5.0.1.tgz"
  integrity sha512-GWkBvjiSZK87ELrYOSESUYeVIc9mvLLf/nXalMOS5dYrgZq9o5OVkbZAVM06CVxYsCwH9BDZFPlQTlPA1j4ahA==

get-nonce@^1.0.0:
  version "1.0.1"
  resolved "https://registry.npmjs.org/get-nonce/-/get-nonce-1.0.1.tgz"
  integrity sha512-FJhYRoDaiatfEkUK8HKlicmu/3SGFD51q3itKDGoSTysQJBnfOcxU5GxnhE1E6soB76MbT0MBtnKJuXyAx+96Q==

isows@1.0.7:
  version "1.0.7"
  resolved "https://registry.npmjs.org/isows/-/isows-1.0.7.tgz"
  integrity sha512-I1fSfDCZL5P0v33sVqeTDSpcstAg/N+wF5HS033mogOVIp4B+oHC7oOCsA3axAbBSGTJ8QubbNmnIRN/h8U7hg==

lru-cache@^10.4.3:
  version "10.4.3"
  resolved "https://registry.npmjs.org/lru-cache/-/lru-cache-10.4.3.tgz"
  integrity sha512-JNAzZcXrCt42VGLuYz0zfAzDfAvJWW6AfYlDBQyDV5DClI2m5sAmK+OIO7s59XfsRsWHp02jAJrRadPRGTt6SQ==

media-query-parser@^2.0.2:
  version "2.0.2"
  resolved "https://registry.npmjs.org/media-query-parser/-/media-query-parser-2.0.2.tgz"
  integrity sha512-1N4qp+jE0pL5Xv4uEcwVUhIkwdUO3S/9gML90nqKA7v7FcOS5vUtatfzok9S9U1EJU8dHWlcv95WLnKmmxZI9w==
  dependencies:
    "@babel/runtime" "^7.12.5"

mipd@0.0.7:
  version "0.0.7"
  resolved "https://registry.npmjs.org/mipd/-/mipd-0.0.7.tgz"
  integrity sha512-aAPZPNDQ3uMTdKbuO2YmAw2TxLHO0moa4YKAyETM/DTj5FloZo+a+8tU+iv4GmW+sOxKLSRwcSFuczk+Cpt6fg==

modern-ahocorasick@^1.0.0:
  version "1.1.0"
  resolved "https://registry.npmjs.org/modern-ahocorasick/-/modern-ahocorasick-1.1.0.tgz"
  integrity sha512-sEKPVl2rM+MNVkGQt3ChdmD8YsigmXdn5NifZn6jiwn9LRJpWm8F3guhaqrJT/JOat6pwpbXEk6kv+b9DMIjsQ==

ox@0.9.6:
  version "0.9.6"
  resolved "https://registry.npmjs.org/ox/-/ox-0.9.6.tgz"
  integrity sha512-8SuCbHPvv2eZLYXrNmC0EC12rdzXQLdhnOMlHDW2wiCPLxBrOOJwX5L5E61by+UjTPOryqQiRSnjIKCI+GykKg==
  dependencies:
    "@adraffy/ens-normalize" "^1.11.0"
    "@noble/ciphers" "^1.3.0"
    "@noble/curves" "1.9.1"
    "@noble/hashes" "^1.8.0"
    "@scure/bip32" "^1.7.0"
    "@scure/bip39" "^1.6.0"
    abitype "^1.0.9"
    eventemitter3 "5.0.1"

picocolors@^1.0.0:
  version "1.1.1"
  resolved "https://registry.npmjs.org/picocolors/-/picocolors-1.1.1.tgz"
  integrity sha512-xceH2snhtb5M9liqDsmEw56le376mTZkEX/jEb/RxNFyegNul7eNslCXP9FDj/Lcu0X8KEyMceP2ntpaHrDEVA==

qr@~0:
  version "0.5.2"
  resolved "https://registry.npmjs.org/qr/-/qr-0.5.2.tgz"
  integrity sha512-91M3sVlA7xCFpkJtYX5xzVH8tDo4rNZ7jr8v+1CRgPVkZ4D+Vl9y8rtZWJ/YkEUM6U/h0FAu5W/JAK7iowOteA==

react@>=18, "react@^16.8.0 || ^17.0.0 || ^18.0.0 || ^19.0.0", "react@^16.8.0 || ^17.0.0 || ^18.0.0 || ^19.0.0 || ^19.0.0-rc", "react@^18 || ^19", react@^19, react@^19.2.0:
  version "19.2.0"
  resolved "https://registry.npmjs.org/react/-/react-19.2.0.tgz"
  integrity sha512-tmbWg6W31tQLeB5cdIBOicJDJRR2KzXsV7uSK9iNfLWQ5bIZfxuPEHp7M8wiHyHnn0DD1i7w3Zmin0FtkrwoCQ==

react-dom@>=18, react-dom@^19:
  version "19.2.0"
  resolved "https://registry.npmjs.org/react-dom/-/react-dom-19.2.0.tgz"
  integrity sha512-UlbRu4cAiGaIewkPyiRGJk0imDN2T3JjieT6spoL2UeSf5od4n5LB/mQ4ejmxhCFT1tYe8IvaFulzynWovsEFQ==
  dependencies:
    scheduler "^0.27.0"

react-remove-scroll@2.6.2:
  version "2.6.2"
  resolved "https://registry.npmjs.org/react-remove-scroll/-/react-remove-scroll-2.6.2.tgz"
  integrity sha512-KmONPx5fnlXYJQqC62Q+lwIeAk64ws/cUw6omIumRzMRPqgnYqhSSti99nbj0Ry13bv7dF+BKn7NB+OqkdZGTw==
  dependencies:
    react-remove-scroll-bar "^2.3.7"
    react-style-singleton "^2.2.1"
    tslib "^2.1.0"
    use-callback-ref "^1.3.3"
    use-sidecar "^1.1.2"

react-remove-scroll-bar@^2.3.7:
  version "2.3.8"
  resolved "https://registry.npmjs.org/react-remove-scroll-bar/-/react-remove-scroll-bar-2.3.8.tgz"
  integrity sha512-9r+yi9+mgU33AKcj6IbT9oRCO78WriSj6t/cF8DWBZJ9aOGPOTEDvdUDz1FwKim7QXWwmHqtdHnRJfhAxEG46Q==
  dependencies:
    react-style-singleton "^2.2.2"
    tslib "^2.0.0"

react-style-singleton@^2.2.1, react-style-singleton@^2.2.2:
  version "2.2.3"
  resolved "https://registry.npmjs.org/react-style-singleton/-/react-style-singleton-2.2.3.tgz"
  integrity sha512-b6jSvxvVnyptAiLjbkWLE/lOnR4lfTtDAl+eUC7RZy+QQWc6wRzIV2CE6xBuMmDxc2qIihtDCZD5NPOFl7fRBQ==
  dependencies:
    get-nonce "^1.0.0"
    tslib "^2.0.0"

scheduler@^0.27.0:
  version "0.27.0"
  resolved "https://registry.npmjs.org/scheduler/-/scheduler-0.27.0.tgz"
  integrity sha512-eNv+WrVbKu1f3vbYJT/xtiF5syA5HPIMtf9IgY/nKg0sWqzAUEvqY/xm7OcZc/qafLx/iO9FgOmeSAp4v5ti/Q==

tailwindcss@^4.1.11:
  version "4.1.17"
  resolved "https://registry.npmjs.org/tailwindcss/-/tailwindcss-4.1.17.tgz"
  integrity sha512-j9Ee2YjuQqYT9bbRTfTZht9W/ytp5H+jJpZKiYdP/bpnXARAuELt9ofP0lPnmHjbga7SNQIxdTAXCmtKVYjN+Q==

tslib@^2.0.0, tslib@^2.1.0:
  version "2.8.1"
  resolved "https://registry.npmjs.org/tslib/-/tslib-2.8.1.tgz"
  integrity sha512-oJFu94HQb+KVduSUQL7wnpmqnfmLsOA/nAh6b6EH0wCEoK0/mPeXU6c3wKDV83MkOuHPRHtSXKKU99IBazS/2w==

ua-parser-js@^1.0.37:
  version "1.0.41"
  resolved "https://registry.npmjs.org/ua-parser-js/-/ua-parser-js-1.0.41.tgz"
  integrity sha512-LbBDqdIC5s8iROCUjMbW1f5dJQTEFB1+KO9ogbvlb3nm9n4YHa5p4KTvFPWvh2Hs8gZMBuiB1/8+pdfe/tDPug==

undici-types@~7.16.0:
  version "7.16.0"
  resolved "https://registry.npmjs.org/undici-types/-/undici-types-7.16.0.tgz"
  integrity sha512-Zz+aZWSj8LE6zoxD+xrjh4VfkIG8Ya6LvYkZqtUQGJPZjYl53ypCaUwWqo7eI0x66KBGeRo+mlBEkMSeSZ38Nw==

use-callback-ref@^1.3.3:
  version "1.3.3"
  resolved "https://registry.npmjs.org/use-callback-ref/-/use-callback-ref-1.3.3.tgz"
  integrity sha512-jQL3lRnocaFtu3V00JToYz/4QkNWswxijDaCVNZRiRTO3HQDLsdu1ZtmIUvV4yPp+rvWm5j0y0TG/S61cuijTg==
  dependencies:
    tslib "^2.0.0"

use-sidecar@^1.1.2:
  version "1.1.3"
  resolved "https://registry.npmjs.org/use-sidecar/-/use-sidecar-1.1.3.tgz"
  integrity sha512-Fedw0aZvkhynoPYlA5WXrMCAMm+nSWdZt6lzJQ7Ok8S6Q+VsHmHpRWndVRJ8Be0ZbkfPc5LRYH+5XrzXcEeLRQ==
  dependencies:
    detect-node-es "^1.1.0"
    tslib "^2.0.0"

use-sync-external-store@1.4.0, use-sync-external-store@>=1.2.0:
  version "1.4.0"
  resolved "https://registry.npmjs.org/use-sync-external-store/-/use-sync-external-store-1.4.0.tgz"
  integrity sha512-9WXSPC5fMv61vaupRkCKCxsPxBocVnwakBEkMIHHpkTTg6icbJtg6jzgtLDm4bl3cSHAca52rYWih0k4K3PfHw==

viem@2.x:
  version "2.39.3"
  resolved "https://registry.npmjs.org/viem/-/viem-2.39.3.tgz"
  integrity sha512-s11rPQRvUEdc5qHK3xT4fIk4qvgPAaLwaTFq+EbFlcJJD+Xn3R4mc9H6B6fquEiHl/mdsdbG/uKCnYpoNtHNHw==
  dependencies:
    "@noble/curves" "1.9.1"
    "@noble/hashes" "1.8.0"
    "@scure/bip32" "1.7.0"
    "@scure/bip39" "1.6.0"
    abitype "1.1.0"
    isows "1.0.7"
    ox "0.9.6"
    ws "8.18.3"

wagmi@^2.9.0, wagmi@^3.0.1:
  version "3.0.1"
  resolved "https://registry.npmjs.org/wagmi/-/wagmi-3.0.1.tgz"
  integrity sha512-V3j4l9LUbNHJjxq+TOiHUlatBY0NCpAWJaNk9s8brDmhUmndXu9Xu+0XwQikxMH34x3ta+yv2v2M3WytPmMXGg==
  dependencies:
    "@wagmi/connectors" "7.0.1"
    "@wagmi/core" "3.0.0"
    use-sync-external-store "1.4.0"

ws@*, ws@8.18.3:
  version "8.18.3"
  resolved "https://registry.npmjs.org/ws/-/ws-8.18.3.tgz"
  integrity sha512-PEIGCY5tSlUt50cqyMXfCzX+oOPqN0vuGqWzbcJ2xvnkzkq46oOpz7dQaTDBdfICb4N14+GARUDw2XV2N4tvzg==

zustand@5.0.0:
  version "5.0.0"
  resolved "https://registry.npmjs.org/zustand/-/zustand-5.0.0.tgz"
  integrity sha512-LE+VcmbartOPM+auOjCCLQOsQ05zUTp8RkgwRzefUk+2jISdMMFnxvyTjA4YNWr5ZGXYbVsEMZosttuxUBkojQ==
